// !$*UTF8*$!
{
	archiveVersion = 1;
	classes = {
	};
	objectVersion = 46;
	objects = {

/* Begin PBXBuildFile section */
		45E78ACF1CDB2E800003078A /* main.cpp in Sources */ = {isa = PBXBuildFile; fileRef = 45E78ACE1CDB2E800003078A /* main.cpp */; };
/* End PBXBuildFile section */

/* Begin PBXCopyFilesBuildPhase section */
		45E78AC91CDB2E800003078A /* CopyFiles */ = {
			isa = PBXCopyFilesBuildPhase;
			buildActionMask = 2147483647;
			dstPath = /usr/share/man/man1/;
			dstSubfolderSpec = 0;
			files = (
			);
			runOnlyForDeploymentPostprocessing = 1;
		};
/* End PBXCopyFilesBuildPhase section */

/* Begin PBXFileReference section */
		45A9079B1CE177C900ADE2F8 /* lexi.h */ = {isa = PBXFileReference; lastKnownFileType = sourcecode.c.h; path = lexi.h; sourceTree = "<group>"; };
		45E78ACB1CDB2E800003078A /* final_proj323 */ = {isa = PBXFileReference; explicitFileType = "compiled.mach-o.executable"; includeInIndex = 0; path = final_proj323; sourceTree = BUILT_PRODUCTS_DIR; };
		45E78ACE1CDB2E800003078A /* main.cpp */ = {isa = PBXFileReference; lastKnownFileType = sourcecode.cpp.cpp; path = main.cpp; sourceTree = "<group>"; };
/* End PBXFileReference section */

/* Begin PBXFrameworksBuildPhase section */
		45E78AC81CDB2E800003078A /* Frameworks */ = {
			isa = PBXFrameworksBuildPhase;
			buildActionMask = 2147483647;
			files = (
			);
			runOnlyForDeploymentPostprocessing = 0;
		};
/* End PBXFrameworksBuildPhase section */

/* Begin PBXGroup section */
		45E78AC21CDB2E800003078A = {
			isa = PBXGroup;
			children = (
				45E78ACD1CDB2E800003078A /* final_proj323 */,
				45E78ACC1CDB2E800003078A /* Products */,
			);
			sourceTree = "<group>";
		};
		45E78ACC1CDB2E800003078A /* Products */ = {
			isa = PBXGroup;
			children = (
				45E78ACB1CDB2E800003078A /* final_proj323 */,
			);
			name = Products;
			sourceTree = "<group>";
		};
		45E78ACD1CDB2E800003078A /* final_proj323 */ = {
			isa = PBXGroup;
			children = (
				45E78ACE1CDB2E800003078A /* main.cpp */,
				45A9079B1CE177C900ADE2F8 /* lexi.h */,
			);
			path = final_proj323;
			sourceTree = "<group>";
		};
/* End PBXGroup section */

/* Begin PBXNativeTarget section */
		45E78ACA1CDB2E800003078A /* final_proj323 */ = {
			isa = PBXNativeTarget;
			buildConfigurationList = 45E78AD21CDB2E800003078A /* Build configuration list for PBXNativeTarget "final_proj323" */;
			buildPhases = (
				45E78AC71CDB2E800003078A /* Sources */,
				45E78AC81CDB2E800003078A /* Frameworks */,
				45E78AC91CDB2E800003078A /* CopyFiles */,
			);
			buildRules = (
			);
			dependencies = (
			);
			name = final_proj323;
			productName = final_proj323;
			productReference = 45E78ACB1CDB2E800003078A /* final_proj323 */;
			productType = "com.apple.product-type.tool";
		};
/* End PBXNativeTarget section */

/* Begin PBXProject section */
		45E78AC31CDB2E800003078A /* Project object */ = {
			isa = PBXProject;
			attributes = {
				LastUpgradeCheck = 0730;
				ORGANIZATIONNAME = ruben;
				TargetAttributes = {
					45E78ACA1CDB2E800003078A = {
						CreatedOnToolsVersion = 7.3;
					};
				};
			};
			buildConfigurationList = 45E78AC61CDB2E800003078A /* Build configuration list for PBXProject "final_proj323" */;
			compatibilityVersion = "Xcode 3.2";
			developmentRegion = English;
			hasScannedForEncodings = 0;
			knownRegions = (
				en,
			);
			mainGroup = 45E78AC21CDB2E800003078A;
			productRefGroup = 45E78ACC1CDB2E800003078A /* Products */;
			projectDirPath = "";
			projectRoot = "";
			targets = (
				45E78ACA1CDB2E800003078A /* final_proj323 */,
			);
		};
/* End PBXProject section */

/* Begin PBXSourcesBuildPhase section */
		45E78AC71CDB2E800003078A /* Sources */ = {
			isa = PBXSourcesBuildPhase;
			buildActionMask = 2147483647;
			files = (
				45E78ACF1CDB2E800003078A /* main.cpp in Sources */,
			);
			runOnlyForDeploymentPostprocessing = 0;
		};
/* End PBXSourcesBuildPhase section */

/* Begin XCBuildConfiguration section */
		45E78AD01CDB2E800003078A /* Debug */ = {
			isa = XCBuildConfiguration;
			buildSettings = {
				ALWAYS_SEARCH_USER_PATHS = NO;
				CLANG_ANALYZER_NONNULL = YES;
				CLANG_CXX_LANGUAGE_STANDARD = "gnu++0x";
				CLANG_CXX_LIBRARY = "libc++";
				CLANG_ENABLE_MODULES = YES;
				CLANG_ENABLE_OBJC_ARC = YES;
				CLANG_WARN_BOOL_CONVERSION = YES;
				CLANG_WARN_CONSTANT_CONVERSION = YES;
				CLANG_WARN_DIRECT_OBJC_ISA_USAGE = YES_ERROR;
				CLANG_WARN_EMPTY_BODY = YES;
				CLANG_WARN_ENUM_CONVERSION = YES;
				CLANG_WARN_INT_CONVERSION = YES;
				CLANG_WARN_OBJC_ROOT_CLASS = YES_ERROR;
				CLANG_WARN_UNREACHABLE_CODE = YES;
				CLANG_WARN__DUPLICATE_METHOD_MATCH = YES;
				CODE_SIGN_IDENTITY = "-";
				COPY_PHASE_STRIP = NO;
				DEBUG_INFORMATION_FORMAT = dwarf;
				ENABLE_STRICT_OBJC_MSGSEND = YES;
				ENABLE_TESTABILITY = YES;
				GCC_C_LANGUAGE_STANDARD = gnu99;
				GCC_DYNAMIC_NO_PIC = NO;
				GCC_NO_COMMON_BLOCKS = YES;
				GCC_OPTIMIZATION_LEVEL = 0;
				GCC_PREPROCESSOR_DEFINITIONS = (
					"DEBUG=1",
					"$(inherited)",
				);
				GCC_WARN_64_TO_32_BIT_CONVERSION = YES;
				GCC_WARN_ABOUT_RETURN_TYPE = YES_ERROR;
				GCC_WARN_UNDECLARED_SELECTOR = YES;
				GCC_WARN_UNINITIALIZED_AUTOS = YES_AGGRESSIVE;
				GCC_WARN_UNUSED_FUNCTION = YES;
				GCC_WARN_UNUSED_VARIABLE = YES;
				MACOSX_DEPLOYMENT_TARGET = 10.11;
				MTL_ENABLE_DEBUG_INFO = YES;
				ONLY_ACTIVE_ARCH = YES;
				SDKROOT = macosx;
			};
			name = Debug;
		};
		45E78AD11CDB2E800003078A /* Release */ = {
			isa = XCBuildConfiguration;
			buildSettings = {
				ALWAYS_SEARCH_USER_PATHS = NO;
				CLANG_ANALYZER_NONNULL = YES;
				CLANG_CXX_LANGUAGE_STANDARD = "gnu++0x";
				CLANG_CXX_LIBRARY = "libc++";
				CLANG_ENABLE_MODULES = YES;
				CLANG_ENABLE_OBJC_ARC = YES;
				CLANG_WARN_BOOL_CONVERSION = YES;
				CLANG_WARN_CONSTANT_CONVERSION = YES;
				CLANG_WARN_DIRECT_OBJC_ISA_USAGE = YES_ERROR;
				CLANG_WARN_EMPTY_BODY = YES;
				CLANG_WARN_ENUM_CONVERSION = YES;
				CLANG_WARN_INT_CONVERSION = YES;
				CLANG_WARN_OBJC_ROOT_CLASS = YES_ERROR;
				CLANG_WARN_UNREACHABLE_CODE = YES;
				CLANG_WARN__DUPLICATE_METHOD_MATCH = YES;
				CODE_SIGN_IDENTITY = "-";
				COPY_PHASE_STRIP = NO;
				DEBUG_INFORMATION_FORMAT = "dwarf-with-dsym";
				ENABLE_NS_ASSERTIONS = NO;
				ENABLE_STRICT_OBJC_MSGSEND = YES;
				GCC_C_LANGUAGE_STANDARD = gnu99;
				GCC_NO_COMMON_BLOCKS = YES;
				GCC_WARN_64_TO_32_BIT_CONVERSION = YES;
				GCC_WARN_ABOUT_RETURN_TYPE = YES_ERROR;
				GCC_WARN_UNDECLARED_SELECTOR = YES;
				GCC_WARN_UNINITIALIZED_AUTOS = YES_AGGRESSIVE;
				GCC_WARN_UNUSED_FUNCTION = YES;
				GCC_WARN_UNUSED_VARIABLE = YES;
				MACOSX_DEPLOYMENT_TARGET = 10.11;
				MTL_ENABLE_DEBUG_INFO = NO;
				SDKROOT = macosx;
			};
			name = Release;
		};
		45E78AD31CDB2E800003078A /* Debug */ = {
			isa = XCBuildConfiguration;
			buildSettings = {
				PRODUCT_NAME = "$(TARGET_NAME)";
			};
			name = Debug;
		};
		45E78AD41CDB2E800003078A /* Release */ = {
			isa = XCBuildConfiguration;
			buildSettings = {
				PRODUCT_NAME = "$(TARGET_NAME)";
			};
			name = Release;
		};
/* End XCBuildConfiguration section */

/* Begin XCConfigurationList section */
		45E78AC61CDB2E800003078A /* Build configuration list for PBXProject "final_proj323" */ = {
			isa = XCConfigurationList;
			buildConfigurations = (
				45E78AD01CDB2E800003078A /* Debug */,
				45E78AD11CDB2E800003078A /* Release */,
			);
			defaultConfigurationIsVisible = 0;
			defaultConfigurationName = Release;
		};
		45E78AD21CDB2E800003078A /* Build configuration list for PBXNativeTarget "final_proj323" */ = {
			isa = XCConfigurationList;
			buildConfigurations = (
				45E78AD31CDB2E800003078A /* Debug */,
				45E78AD41CDB2E800003078A /* Release */,
			);
			defaultConfigurationIsVisible = 0;
			defaultConfigurationName = Release;
		};
/* End XCConfigurationList section */
	};
	rootObject = 45E78AC31CDB2E800003078A /* Project object */;
}
